// !$*UTF8*$!
{
	archiveVersion = 1;
	classes = {
	};
	objectVersion = 46;
	objects = {

/* Begin PBXBuildFile section */
		BDFC4CFB1B73CFD70057AA2A /* AppDelegate.swift in Sources */ = {isa = PBXBuildFile; fileRef = BDFC4CFA1B73CFD70057AA2A /* AppDelegate.swift */; };
		BDFC4CFD1B73CFD70057AA2A /* ViewController.swift in Sources */ = {isa = PBXBuildFile; fileRef = BDFC4CFC1B73CFD70057AA2A /* ViewController.swift */; };
		BDFC4D001B73CFD70057AA2A /* Main.storyboard in Resources */ = {isa = PBXBuildFile; fileRef = BDFC4CFE1B73CFD70057AA2A /* Main.storyboard */; };
		BDFC4D021B73CFD70057AA2A /* Images.xcassets in Resources */ = {isa = PBXBuildFile; fileRef = BDFC4D011B73CFD70057AA2A /* Images.xcassets */; };
		BDFC4D051B73CFD70057AA2A /* LaunchScreen.xib in Resources */ = {isa = PBXBuildFile; fileRef = BDFC4D031B73CFD70057AA2A /* LaunchScreen.xib */; };
		BDFC4D111B73CFD70057AA2A /* ZoomingIconsTests.swift in Sources */ = {isa = PBXBuildFile; fileRef = BDFC4D101B73CFD70057AA2A /* ZoomingIconsTests.swift */; };
		BDFC4D1B1B73D1290057AA2A /* MenuViewController.swift in Sources */ = {isa = PBXBuildFile; fileRef = BDFC4D1A1B73D1290057AA2A /* MenuViewController.swift */; };
		BDFC4D1D1B73D3200057AA2A /* Icon.swift in Sources */ = {isa = PBXBuildFile; fileRef = BDFC4D1C1B73D3200057AA2A /* Icon.swift */; };
		BDFC4D1F1B73D97D0057AA2A /* IconCollectionViewCell.swift in Sources */ = {isa = PBXBuildFile; fileRef = BDFC4D1E1B73D97D0057AA2A /* IconCollectionViewCell.swift */; };
		BDFC4D211B740F5F0057AA2A /* DetailedViewController.swift in Sources */ = {isa = PBXBuildFile; fileRef = BDFC4D201B740F5F0057AA2A /* DetailedViewController.swift */; };
		BDFC4D231B7417320057AA2A /* ZoomingIconTransition.swift in Sources */ = {isa = PBXBuildFile; fileRef = BDFC4D221B7417320057AA2A /* ZoomingIconTransition.swift */; };
/* End PBXBuildFile section */

/* Begin PBXContainerItemProxy section */
		BDFC4D0B1B73CFD70057AA2A /* PBXContainerItemProxy */ = {
			isa = PBXContainerItemProxy;
			containerPortal = BDFC4CED1B73CFD70057AA2A /* Project object */;
			proxyType = 1;
			remoteGlobalIDString = BDFC4CF41B73CFD70057AA2A;
			remoteInfo = ZoomingIcons;
		};
/* End PBXContainerItemProxy section */

/* Begin PBXFileReference section */
		BDFC4CF51B73CFD70057AA2A /* ZoomingIcons.app */ = {isa = PBXFileReference; explicitFileType = wrapper.application; includeInIndex = 0; path = ZoomingIcons.app; sourceTree = BUILT_PRODUCTS_DIR; };
		BDFC4CF91B73CFD70057AA2A /* Info.plist */ = {isa = PBXFileReference; lastKnownFileType = text.plist.xml; path = Info.plist; sourceTree = "<group>"; };
		BDFC4CFA1B73CFD70057AA2A /* AppDelegate.swift */ = {isa = PBXFileReference; lastKnownFileType = sourcecode.swift; path = AppDelegate.swift; sourceTree = "<group>"; };
		BDFC4CFC1B73CFD70057AA2A /* ViewController.swift */ = {isa = PBXFileReference; lastKnownFileType = sourcecode.swift; path = ViewController.swift; sourceTree = "<group>"; };
		BDFC4CFF1B73CFD70057AA2A /* Base */ = {isa = PBXFileReference; lastKnownFileType = file.storyboard; name = Base; path = Base.lproj/Main.storyboard; sourceTree = "<group>"; };
		BDFC4D011B73CFD70057AA2A /* Images.xcassets */ = {isa = PBXFileReference; lastKnownFileType = folder.assetcatalog; path = Images.xcassets; sourceTree = "<group>"; };
		BDFC4D041B73CFD70057AA2A /* Base */ = {isa = PBXFileReference; lastKnownFileType = file.xib; name = Base; path = Base.lproj/LaunchScreen.xib; sourceTree = "<group>"; };
		BDFC4D0A1B73CFD70057AA2A /* ZoomingIconsTests.xctest */ = {isa = PBXFileReference; explicitFileType = wrapper.cfbundle; includeInIndex = 0; path = ZoomingIconsTests.xctest; sourceTree = BUILT_PRODUCTS_DIR; };
		BDFC4D0F1B73CFD70057AA2A /* Info.plist */ = {isa = PBXFileReference; lastKnownFileType = text.plist.xml; path = Info.plist; sourceTree = "<group>"; };
		BDFC4D101B73CFD70057AA2A /* ZoomingIconsTests.swift */ = {isa = PBXFileReference; lastKnownFileType = sourcecode.swift; path = ZoomingIconsTests.swift; sourceTree = "<group>"; };
		BDFC4D1A1B73D1290057AA2A /* MenuViewController.swift */ = {isa = PBXFileReference; fileEncoding = 4; lastKnownFileType = sourcecode.swift; path = MenuViewController.swift; sourceTree = "<group>"; };
		BDFC4D1C1B73D3200057AA2A /* Icon.swift */ = {isa = PBXFileReference; fileEncoding = 4; lastKnownFileType = sourcecode.swift; path = Icon.swift; sourceTree = "<group>"; };
		BDFC4D1E1B73D97D0057AA2A /* IconCollectionViewCell.swift */ = {isa = PBXFileReference; fileEncoding = 4; lastKnownFileType = sourcecode.swift; path = IconCollectionViewCell.swift; sourceTree = "<group>"; };
		BDFC4D201B740F5F0057AA2A /* DetailedViewController.swift */ = {isa = PBXFileReference; fileEncoding = 4; lastKnownFileType = sourcecode.swift; path = DetailedViewController.swift; sourceTree = "<group>"; };
		BDFC4D221B7417320057AA2A /* ZoomingIconTransition.swift */ = {isa = PBXFileReference; fileEncoding = 4; lastKnownFileType = sourcecode.swift; name = ZoomingIconTransition.swift; path = ../ZoomingIconTransition.swift; sourceTree = "<group>"; };
/* End PBXFileReference section */

/* Begin PBXFrameworksBuildPhase section */
		BDFC4CF21B73CFD70057AA2A /* Frameworks */ = {
			isa = PBXFrameworksBuildPhase;
			buildActionMask = 2147483647;
			files = (
			);
			runOnlyForDeploymentPostprocessing = 0;
		};
		BDFC4D071B73CFD70057AA2A /* Frameworks */ = {
			isa = PBXFrameworksBuildPhase;
			buildActionMask = 2147483647;
			files = (
			);
			runOnlyForDeploymentPostprocessing = 0;
		};
/* End PBXFrameworksBuildPhase section */

/* Begin PBXGroup section */
		BDFC4CEC1B73CFD70057AA2A = {
			isa = PBXGroup;
			children = (
				BDFC4CF71B73CFD70057AA2A /* ZoomingIcons */,
				BDFC4D0D1B73CFD70057AA2A /* ZoomingIconsTests */,
				BDFC4CF61B73CFD70057AA2A /* Products */,
			);
			sourceTree = "<group>";
		};
		BDFC4CF61B73CFD70057AA2A /* Products */ = {
			isa = PBXGroup;
			children = (
				BDFC4CF51B73CFD70057AA2A /* ZoomingIcons.app */,
				BDFC4D0A1B73CFD70057AA2A /* ZoomingIconsTests.xctest */,
			);
			name = Products;
			sourceTree = "<group>";
		};
		BDFC4CF71B73CFD70057AA2A /* ZoomingIcons */ = {
			isa = PBXGroup;
			children = (
				BDFC4D221B7417320057AA2A /* ZoomingIconTransition.swift */,
				BDFC4CFA1B73CFD70057AA2A /* AppDelegate.swift */,
				BDFC4CFC1B73CFD70057AA2A /* ViewController.swift */,
				BDFC4D1A1B73D1290057AA2A /* MenuViewController.swift */,
				BDFC4D201B740F5F0057AA2A /* DetailedViewController.swift */,
				BDFC4D1C1B73D3200057AA2A /* Icon.swift */,
				BDFC4D1E1B73D97D0057AA2A /* IconCollectionViewCell.swift */,
				BDFC4D011B73CFD70057AA2A /* Images.xcassets */,
				BDFC4CFE1B73CFD70057AA2A /* Main.storyboard */,
				BDFC4D031B73CFD70057AA2A /* LaunchScreen.xib */,
				BDFC4CF81B73CFD70057AA2A /* Supporting Files */,
			);
			path = ZoomingIcons;
			sourceTree = "<group>";
		};
		BDFC4CF81B73CFD70057AA2A /* Supporting Files */ = {
			isa = PBXGroup;
			children = (
				BDFC4CF91B73CFD70057AA2A /* Info.plist */,
			);
			name = "Supporting Files";
			sourceTree = "<group>";
		};
		BDFC4D0D1B73CFD70057AA2A /* ZoomingIconsTests */ = {
			isa = PBXGroup;
			children = (
				BDFC4D101B73CFD70057AA2A /* ZoomingIconsTests.swift */,
				BDFC4D0E1B73CFD70057AA2A /* Supporting Files */,
			);
			path = ZoomingIconsTests;
			sourceTree = "<group>";
		};
		BDFC4D0E1B73CFD70057AA2A /* Supporting Files */ = {
			isa = PBXGroup;
			children = (
				BDFC4D0F1B73CFD70057AA2A /* Info.plist */,
			);
			name = "Supporting Files";
			sourceTree = "<group>";
		};
/* End PBXGroup section */

/* Begin PBXNativeTarget section */
		BDFC4CF41B73CFD70057AA2A /* ZoomingIcons */ = {
			isa = PBXNativeTarget;
			buildConfigurationList = BDFC4D141B73CFD70057AA2A /* Build configuration list for PBXNativeTarget "ZoomingIcons" */;
			buildPhases = (
				BDFC4CF11B73CFD70057AA2A /* Sources */,
				BDFC4CF21B73CFD70057AA2A /* Frameworks */,
				BDFC4CF31B73CFD70057AA2A /* Resources */,
			);
			buildRules = (
			);
			dependencies = (
			);
			name = ZoomingIcons;
			productName = ZoomingIcons;
			productReference = BDFC4CF51B73CFD70057AA2A /* ZoomingIcons.app */;
			productType = "com.apple.product-type.application";
		};
		BDFC4D091B73CFD70057AA2A /* ZoomingIconsTests */ = {
			isa = PBXNativeTarget;
			buildConfigurationList = BDFC4D171B73CFD70057AA2A /* Build configuration list for PBXNativeTarget "ZoomingIconsTests" */;
			buildPhases = (
				BDFC4D061B73CFD70057AA2A /* Sources */,
				BDFC4D071B73CFD70057AA2A /* Frameworks */,
				BDFC4D081B73CFD70057AA2A /* Resources */,
			);
			buildRules = (
			);
			dependencies = (
				BDFC4D0C1B73CFD70057AA2A /* PBXTargetDependency */,
			);
			name = ZoomingIconsTests;
			productName = ZoomingIconsTests;
			productReference = BDFC4D0A1B73CFD70057AA2A /* ZoomingIconsTests.xctest */;
			productType = "com.apple.product-type.bundle.unit-test";
		};
/* End PBXNativeTarget section */

/* Begin PBXProject section */
		BDFC4CED1B73CFD70057AA2A /* Project object */ = {
			isa = PBXProject;
			attributes = {
				LastUpgradeCheck = 0640;
				ORGANIZATIONNAME = "Jeff Huang";
				TargetAttributes = {
					BDFC4CF41B73CFD70057AA2A = {
						CreatedOnToolsVersion = 6.4;
					};
					BDFC4D091B73CFD70057AA2A = {
						CreatedOnToolsVersion = 6.4;
						TestTargetID = BDFC4CF41B73CFD70057AA2A;
					};
				};
			};
			buildConfigurationList = BDFC4CF01B73CFD70057AA2A /* Build configuration list for PBXProject "ZoomingIcons" */;
			compatibilityVersion = "Xcode 3.2";
			developmentRegion = English;
			hasScannedForEncodings = 0;
			knownRegions = (
				en,
				Base,
			);
			mainGroup = BDFC4CEC1B73CFD70057AA2A;
			productRefGroup = BDFC4CF61B73CFD70057AA2A /* Products */;
			projectDirPath = "";
			projectRoot = "";
			targets = (
				BDFC4CF41B73CFD70057AA2A /* ZoomingIcons */,
				BDFC4D091B73CFD70057AA2A /* ZoomingIconsTests */,
			);
		};
/* End PBXProject section */

/* Begin PBXResourcesBuildPhase section */
		BDFC4CF31B73CFD70057AA2A /* Resources */ = {
			isa = PBXResourcesBuildPhase;
			buildActionMask = 2147483647;
			files = (
				BDFC4D001B73CFD70057AA2A /* Main.storyboard in Resources */,
				BDFC4D051B73CFD70057AA2A /* LaunchScreen.xib in Resources */,
				BDFC4D021B73CFD70057AA2A /* Images.xcassets in Resources */,
			);
			runOnlyForDeploymentPostprocessing = 0;
		};
		BDFC4D081B73CFD70057AA2A /* Resources */ = {
			isa = PBXResourcesBuildPhase;
			buildActionMask = 2147483647;
			files = (
			);
			runOnlyForDeploymentPostprocessing = 0;
		};
/* End PBXResourcesBuildPhase section */

/* Begin PBXSourcesBuildPhase section */
		BDFC4CF11B73CFD70057AA2A /* Sources */ = {
			isa = PBXSourcesBuildPhase;
			buildActionMask = 2147483647;
			files = (
				BDFC4CFD1B73CFD70057AA2A /* ViewController.swift in Sources */,
				BDFC4D1F1B73D97D0057AA2A /* IconCollectionViewCell.swift in Sources */,
				BDFC4D211B740F5F0057AA2A /* DetailedViewController.swift in Sources */,
				BDFC4D1B1B73D1290057AA2A /* MenuViewController.swift in Sources */,
				BDFC4D1D1B73D3200057AA2A /* Icon.swift in Sources */,
				BDFC4CFB1B73CFD70057AA2A /* AppDelegate.swift in Sources */,
				BDFC4D231B7417320057AA2A /* ZoomingIconTransition.swift in Sources */,
			);
			runOnlyForDeploymentPostprocessing = 0;
		};
		BDFC4D061B73CFD70057AA2A /* Sources */ = {
			isa = PBXSourcesBuildPhase;
			buildActionMask = 2147483647;
			files = (
				BDFC4D111B73CFD70057AA2A /* ZoomingIconsTests.swift in Sources */,
			);
			runOnlyForDeploymentPostprocessing = 0;
		};
/* End PBXSourcesBuildPhase section */

/* Begin PBXTargetDependency section */
		BDFC4D0C1B73CFD70057AA2A /* PBXTargetDependency */ = {
			isa = PBXTargetDependency;
			target = BDFC4CF41B73CFD70057AA2A /* ZoomingIcons */;
			targetProxy = BDFC4D0B1B73CFD70057AA2A /* PBXContainerItemProxy */;
		};
/* End PBXTargetDependency section */

/* Begin PBXVariantGroup section */
		BDFC4CFE1B73CFD70057AA2A /* Main.storyboard */ = {
			isa = PBXVariantGroup;
			children = (
				BDFC4CFF1B73CFD70057AA2A /* Base */,
			);
			name = Main.storyboard;
			sourceTree = "<group>";
		};
		BDFC4D031B73CFD70057AA2A /* LaunchScreen.xib */ = {
			isa = PBXVariantGroup;
			children = (
				BDFC4D041B73CFD70057AA2A /* Base */,
			);
			name = LaunchScreen.xib;
			sourceTree = "<group>";
		};
/* End PBXVariantGroup section */

/* Begin XCBuildConfiguration section */
		BDFC4D121B73CFD70057AA2A /* Debug */ = {
			isa = XCBuildConfiguration;
			buildSettings = {
				ALWAYS_SEARCH_USER_PATHS = NO;
				CLANG_CXX_LANGUAGE_STANDARD = "gnu++0x";
				CLANG_CXX_LIBRARY = "libc++";
				CLANG_ENABLE_MODULES = YES;
				CLANG_ENABLE_OBJC_ARC = YES;
				CLANG_WARN_BOOL_CONVERSION = YES;
				CLANG_WARN_CONSTANT_CONVERSION = YES;
				CLANG_WARN_DIRECT_OBJC_ISA_USAGE = YES_ERROR;
				CLANG_WARN_EMPTY_BODY = YES;
				CLANG_WARN_ENUM_CONVERSION = YES;
				CLANG_WARN_INT_CONVERSION = YES;
				CLANG_WARN_OBJC_ROOT_CLASS = YES_ERROR;
				CLANG_WARN_UNREACHABLE_CODE = YES;
				CLANG_WARN__DUPLICATE_METHOD_MATCH = YES;
				"CODE_SIGN_IDENTITY[sdk=iphoneos*]" = "iPhone Developer";
				COPY_PHASE_STRIP = NO;
				DEBUG_INFORMATION_FORMAT = "dwarf-with-dsym";
				ENABLE_STRICT_OBJC_MSGSEND = YES;
				GCC_C_LANGUAGE_STANDARD = gnu99;
				GCC_DYNAMIC_NO_PIC = NO;
				GCC_NO_COMMON_BLOCKS = YES;
				GCC_OPTIMIZATION_LEVEL = 0;
				GCC_PREPROCESSOR_DEFINITIONS = (
					"DEBUG=1",
					"$(inherited)",
				);
				GCC_SYMBOLS_PRIVATE_EXTERN = NO;
				GCC_WARN_64_TO_32_BIT_CONVERSION = YES;
				GCC_WARN_ABOUT_RETURN_TYPE = YES_ERROR;
				GCC_WARN_UNDECLARED_SELECTOR = YES;
				GCC_WARN_UNINITIALIZED_AUTOS = YES_AGGRESSIVE;
				GCC_WARN_UNUSED_FUNCTION = YES;
				GCC_WARN_UNUSED_VARIABLE = YES;
				IPHONEOS_DEPLOYMENT_TARGET = 8.4;
				MTL_ENABLE_DEBUG_INFO = YES;
				ONLY_ACTIVE_ARCH = YES;
				SDKROOT = iphoneos;
				SWIFT_OPTIMIZATION_LEVEL = "-Onone";
				TARGETED_DEVICE_FAMILY = "1,2";
			};
			name = Debug;
		};
		BDFC4D131B73CFD70057AA2A /* Release */ = {
			isa = XCBuildConfiguration;
			buildSettings = {
				ALWAYS_SEARCH_USER_PATHS = NO;
				CLANG_CXX_LANGUAGE_STANDARD = "gnu++0x";
				CLANG_CXX_LIBRARY = "libc++";
				CLANG_ENABLE_MODULES = YES;
				CLANG_ENABLE_OBJC_ARC = YES;
				CLANG_WARN_BOOL_CONVERSION = YES;
				CLANG_WARN_CONSTANT_CONVERSION = YES;
				CLANG_WARN_DIRECT_OBJC_ISA_USAGE = YES_ERROR;
				CLANG_WARN_EMPTY_BODY = YES;
				CLANG_WARN_ENUM_CONVERSION = YES;
				CLANG_WARN_INT_CONVERSION = YES;
				CLANG_WARN_OBJC_ROOT_CLASS = YES_ERROR;
				CLANG_WARN_UNREACHABLE_CODE = YES;
				CLANG_WARN__DUPLICATE_METHOD_MATCH = YES;
				"CODE_SIGN_IDENTITY[sdk=iphoneos*]" = "iPhone Developer";
				COPY_PHASE_STRIP = NO;
				DEBUG_INFORMATION_FORMAT = "dwarf-with-dsym";
				ENABLE_NS_ASSERTIONS = NO;
				ENABLE_STRICT_OBJC_MSGSEND = YES;
				GCC_C_LANGUAGE_STANDARD = gnu99;
				GCC_NO_COMMON_BLOCKS = YES;
				GCC_WARN_64_TO_32_BIT_CONVERSION = YES;
				GCC_WARN_ABOUT_RETURN_TYPE = YES_ERROR;
				GCC_WARN_UNDECLARED_SELECTOR = YES;
				GCC_WARN_UNINITIALIZED_AUTOS = YES_AGGRESSIVE;
				GCC_WARN_UNUSED_FUNCTION = YES;
				GCC_WARN_UNUSED_VARIABLE = YES;
				IPHONEOS_DEPLOYMENT_TARGET = 8.4;
				MTL_ENABLE_DEBUG_INFO = NO;
				SDKROOT = iphoneos;
				TARGETED_DEVICE_FAMILY = "1,2";
				VALIDATE_PRODUCT = YES;
			};
			name = Release;
		};
		BDFC4D151B73CFD70057AA2A /* Debug */ = {
			isa = XCBuildConfiguration;
			buildSettings = {
				ASSETCATALOG_COMPILER_APPICON_NAME = AppIcon;
				INFOPLIST_FILE = ZoomingIcons/Info.plist;
				LD_RUNPATH_SEARCH_PATHS = "$(inherited) @executable_path/Frameworks";
				PRODUCT_NAME = "$(TARGET_NAME)";
			};
			name = Debug;
		};
		BDFC4D161B73CFD70057AA2A /* Release */ = {
			isa = XCBuildConfiguration;
			buildSettings = {
				ASSETCATALOG_COMPILER_APPICON_NAME = AppIcon;
				INFOPLIST_FILE = ZoomingIcons/Info.plist;
				LD_RUNPATH_SEARCH_PATHS = "$(inherited) @executable_path/Frameworks";
				PRODUCT_NAME = "$(TARGET_NAME)";
			};
			name = Release;
		};
		BDFC4D181B73CFD70057AA2A /* Debug */ = {
			isa = XCBuildConfiguration;
			buildSettings = {
				BUNDLE_LOADER = "$(TEST_HOST)";
				FRAMEWORK_SEARCH_PATHS = (
					"$(SDKROOT)/Developer/Library/Frameworks",
					"$(inherited)",
				);
				GCC_PREPROCESSOR_DEFINITIONS = (
					"DEBUG=1",
					"$(inherited)",
				);
				INFOPLIST_FILE = ZoomingIconsTests/Info.plist;
				LD_RUNPATH_SEARCH_PATHS = "$(inherited) @executable_path/Frameworks @loader_path/Frameworks";
				PRODUCT_NAME = "$(TARGET_NAME)";
				TEST_HOST = "$(BUILT_PRODUCTS_DIR)/ZoomingIcons.app/ZoomingIcons";
			};
			name = Debug;
		};
		BDFC4D191B73CFD70057AA2A /* Release */ = {
			isa = XCBuildConfiguration;
			buildSettings = {
				BUNDLE_LOADER = "$(TEST_HOST)";
				FRAMEWORK_SEARCH_PATHS = (
					"$(SDKROOT)/Developer/Library/Frameworks",
					"$(inherited)",
				);
				INFOPLIST_FILE = ZoomingIconsTests/Info.plist;
				LD_RUNPATH_SEARCH_PATHS = "$(inherited) @executable_path/Frameworks @loader_path/Frameworks";
				PRODUCT_NAME = "$(TARGET_NAME)";
				TEST_HOST = "$(BUILT_PRODUCTS_DIR)/ZoomingIcons.app/ZoomingIcons";
			};
			name = Release;
		};
/* End XCBuildConfiguration section */

/* Begin XCConfigurationList section */
		BDFC4CF01B73CFD70057AA2A /* Build configuration list for PBXProject "ZoomingIcons" */ = {
			isa = XCConfigurationList;
			buildConfigurations = (
				BDFC4D121B73CFD70057AA2A /* Debug */,
				BDFC4D131B73CFD70057AA2A /* Release */,
			);
			defaultConfigurationIsVisible = 0;
			defaultConfigurationName = Release;
		};
		BDFC4D141B73CFD70057AA2A /* Build configuration list for PBXNativeTarget "ZoomingIcons" */ = {
			isa = XCConfigurationList;
			buildConfigurations = (
				BDFC4D151B73CFD70057AA2A /* Debug */,
				BDFC4D161B73CFD70057AA2A /* Release */,
			);
			defaultConfigurationIsVisible = 0;
		};
		BDFC4D171B73CFD70057AA2A /* Build configuration list for PBXNativeTarget "ZoomingIconsTests" */ = {
			isa = XCConfigurationList;
			buildConfigurations = (
				BDFC4D181B73CFD70057AA2A /* Debug */,
				BDFC4D191B73CFD70057AA2A /* Release */,
			);
			defaultConfigurationIsVisible = 0;
		};
/* End XCConfigurationList section */
	};
	rootObject = BDFC4CED1B73CFD70057AA2A /* Project object */;
}
